
Microsoft Visual Studio Solution File, Format Version 12.00
# Visual Studio Version 17
VisualStudioVersion = 17.2.32616.157
MinimumVisualStudioVersion = 10.0.40219.1
Project("{FAE04EC0-301F-11D3-BF4B-00C04F79EFBC}") = "PortReact", "PortReact\PortReact.csproj", "{1E0B7A6E-E791-4CD4-8659-9A9CD68A8FAB}"
EndProject
Global
	GlobalSection(SolutionConfigurationPlatforms) = preSolution
		Debug|Any CPU = Debug|Any CPU
		Release|Any CPU = Release|Any CPU
	EndGlobalSection
	GlobalSection(ProjectConfigurationPlatforms) = postSolution
		{1E0B7A6E-E791-4CD4-8659-9A9CD68A8FAB}.Debug|Any CPU.ActiveCfg = Debug|Any CPU
		{1E0B7A6E-E791-4CD4-8659-9A9CD68A8FAB}.Debug|Any CPU.Build.0 = Debug|Any CPU
		{1E0B7A6E-E791-4CD4-8659-9A9CD68A8FAB}.Release|Any CPU.ActiveCfg = Release|Any CPU
		{1E0B7A6E-E791-4CD4-8659-9A9CD68A8FAB}.Release|Any CPU.Build.0 = Release|Any CPU
	EndGlobalSection
	GlobalSection(SolutionProperties) = preSolution
		HideSolutionNode = FALSE
	EndGlobalSection
	GlobalSection(ExtensibilityGlobals) = postSolution
		SolutionGuid = {FF4B6C52-DDBA-45BD-8BD4-CE0A582576C1}
	EndGlobalSection
EndGlobal
